
Microsoft Visual Studio Solution File, Format Version 12.00
# Visual Studio Version 17
VisualStudioVersion = 17.6.33723.286
MinimumVisualStudioVersion = 10.0.40219.1
Project("{FAE04EC0-301F-11D3-BF4B-00C04F79EFBC}") = "cepAutomatico", "cepAutomatico\cepAutomatico.csproj", "{36571DDA-1EE3-4B98-9E78-1220F034EE41}"
EndProject
Global
	GlobalSection(SolutionConfigurationPlatforms) = preSolution
		Debug|Any CPU = Debug|Any CPU
		Release|Any CPU = Release|Any CPU
	EndGlobalSection
	GlobalSection(ProjectConfigurationPlatforms) = postSolution
		{36571DDA-1EE3-4B98-9E78-1220F034EE41}.Debug|Any CPU.ActiveCfg = Debug|Any CPU
		{36571DDA-1EE3-4B98-9E78-1220F034EE41}.Debug|Any CPU.Build.0 = Debug|Any CPU
		{36571DDA-1EE3-4B98-9E78-1220F034EE41}.Release|Any CPU.ActiveCfg = Release|Any CPU
		{36571DDA-1EE3-4B98-9E78-1220F034EE41}.Release|Any CPU.Build.0 = Release|Any CPU
	EndGlobalSection
	GlobalSection(SolutionProperties) = preSolution
		HideSolutionNode = FALSE
	EndGlobalSection
	GlobalSection(ExtensibilityGlobals) = postSolution
		SolutionGuid = {70AA4D72-E191-4F25-B8F6-40D95C4011E8}
	EndGlobalSection
EndGlobal
